// !$*UTF8*$!
{
	archiveVersion = 1;
	classes = {
	};
	objectVersion = 50;
	objects = {

/* Begin PBXBuildFile section */
		2851B28720C02CCF00F41E8B /* main.c in Sources */ = {isa = PBXBuildFile; fileRef = 2851B28620C02CCF00F41E8B /* main.c */; };
		2851B28E20C02D2900F41E8B /* sendpraat.c in Sources */ = {isa = PBXBuildFile; fileRef = 2851B28D20C02D2900F41E8B /* sendpraat.c */; };
		2851B29120C02D7D00F41E8B /* web.c in Sources */ = {isa = PBXBuildFile; fileRef = 2851B29020C02D7D00F41E8B /* web.c */; };
		2851B29520C032BF00F41E8B /* json.c in Sources */ = {isa = PBXBuildFile; fileRef = 2851B29420C032BF00F41E8B /* json.c */; };
		2851B29A20C0384000F41E8B /* cJSON_Utils.c in Sources */ = {isa = PBXBuildFile; fileRef = 2851B29620C0383F00F41E8B /* cJSON_Utils.c */; };
		2851B29B20C0384000F41E8B /* cJSON.c in Sources */ = {isa = PBXBuildFile; fileRef = 2851B29720C0384000F41E8B /* cJSON.c */; };
		28C2972E20C18A0200E3A007 /* hashmap.c in Sources */ = {isa = PBXBuildFile; fileRef = 28C2972D20C18A0200E3A007 /* hashmap.c */; };
/* End PBXBuildFile section */

/* Begin PBXCopyFilesBuildPhase section */
		2851B28120C02CCF00F41E8B /* CopyFiles */ = {
			isa = PBXCopyFilesBuildPhase;
			buildActionMask = 2147483647;
			dstPath = /usr/share/man/man1/;
			dstSubfolderSpec = 0;
			files = (
			);
			runOnlyForDeploymentPostprocessing = 1;
		};
/* End PBXCopyFilesBuildPhase section */

/* Begin PBXFileReference section */
		2851B28320C02CCF00F41E8B /* WebSendPraat */ = {isa = PBXFileReference; explicitFileType = "compiled.mach-o.executable"; includeInIndex = 0; path = WebSendPraat; sourceTree = BUILT_PRODUCTS_DIR; };
		2851B28620C02CCF00F41E8B /* main.c */ = {isa = PBXFileReference; lastKnownFileType = sourcecode.c.c; path = main.c; sourceTree = "<group>"; };
		2851B28D20C02D2900F41E8B /* sendpraat.c */ = {isa = PBXFileReference; fileEncoding = 4; lastKnownFileType = sourcecode.c.c; path = sendpraat.c; sourceTree = "<group>"; };
		2851B28F20C02D7D00F41E8B /* web.h */ = {isa = PBXFileReference; lastKnownFileType = sourcecode.c.h; path = web.h; sourceTree = "<group>"; };
		2851B29020C02D7D00F41E8B /* web.c */ = {isa = PBXFileReference; lastKnownFileType = sourcecode.c.c; path = web.c; sourceTree = "<group>"; };
		2851B29220C02D9500F41E8B /* sendpraat.h */ = {isa = PBXFileReference; fileEncoding = 4; lastKnownFileType = sourcecode.c.h; path = sendpraat.h; sourceTree = "<group>"; };
		2851B29320C032BF00F41E8B /* json.h */ = {isa = PBXFileReference; lastKnownFileType = sourcecode.c.h; path = json.h; sourceTree = "<group>"; };
		2851B29420C032BF00F41E8B /* json.c */ = {isa = PBXFileReference; lastKnownFileType = sourcecode.c.c; path = json.c; sourceTree = "<group>"; };
		2851B29620C0383F00F41E8B /* cJSON_Utils.c */ = {isa = PBXFileReference; fileEncoding = 4; lastKnownFileType = sourcecode.c.c; name = cJSON_Utils.c; path = cjson/cJSON_Utils.c; sourceTree = "<group>"; };
		2851B29720C0384000F41E8B /* cJSON.c */ = {isa = PBXFileReference; fileEncoding = 4; lastKnownFileType = sourcecode.c.c; name = cJSON.c; path = cjson/cJSON.c; sourceTree = "<group>"; };
		2851B29820C0384000F41E8B /* cJSON.h */ = {isa = PBXFileReference; fileEncoding = 4; lastKnownFileType = sourcecode.c.h; name = cJSON.h; path = cjson/cJSON.h; sourceTree = "<group>"; };
		2851B29920C0384000F41E8B /* cJSON_Utils.h */ = {isa = PBXFileReference; fileEncoding = 4; lastKnownFileType = sourcecode.c.h; name = cJSON_Utils.h; path = cjson/cJSON_Utils.h; sourceTree = "<group>"; };
		28C2972C20C18A0200E3A007 /* hashmap.h */ = {isa = PBXFileReference; fileEncoding = 4; lastKnownFileType = sourcecode.c.h; name = hashmap.h; path = c_hashmap/hashmap.h; sourceTree = "<group>"; };
		28C2972D20C18A0200E3A007 /* hashmap.c */ = {isa = PBXFileReference; fileEncoding = 4; lastKnownFileType = sourcecode.c.c; name = hashmap.c; path = c_hashmap/hashmap.c; sourceTree = "<group>"; };
/* End PBXFileReference section */

/* Begin PBXFrameworksBuildPhase section */
		2851B28020C02CCF00F41E8B /* Frameworks */ = {
			isa = PBXFrameworksBuildPhase;
			buildActionMask = 2147483647;
			files = (
			);
			runOnlyForDeploymentPostprocessing = 0;
		};
/* End PBXFrameworksBuildPhase section */

/* Begin PBXGroup section */
		2851B27A20C02CCF00F41E8B = {
			isa = PBXGroup;
			children = (
				2851B28520C02CCF00F41E8B /* WebSendPraat */,
				2851B28420C02CCF00F41E8B /* Products */,
			);
			sourceTree = "<group>";
		};
		2851B28420C02CCF00F41E8B /* Products */ = {
			isa = PBXGroup;
			children = (
				2851B28320C02CCF00F41E8B /* WebSendPraat */,
			);
			name = Products;
			sourceTree = "<group>";
		};
		2851B28520C02CCF00F41E8B /* WebSendPraat */ = {
			isa = PBXGroup;
			children = (
				28C2972D20C18A0200E3A007 /* hashmap.c */,
				28C2972C20C18A0200E3A007 /* hashmap.h */,
				2851B29620C0383F00F41E8B /* cJSON_Utils.c */,
				2851B29920C0384000F41E8B /* cJSON_Utils.h */,
				2851B29720C0384000F41E8B /* cJSON.c */,
				2851B29820C0384000F41E8B /* cJSON.h */,
				2851B29220C02D9500F41E8B /* sendpraat.h */,
				2851B28D20C02D2900F41E8B /* sendpraat.c */,
				2851B28620C02CCF00F41E8B /* main.c */,
				2851B28F20C02D7D00F41E8B /* web.h */,
				2851B29020C02D7D00F41E8B /* web.c */,
				2851B29320C032BF00F41E8B /* json.h */,
				2851B29420C032BF00F41E8B /* json.c */,
			);
			path = WebSendPraat;
			sourceTree = "<group>";
		};
/* End PBXGroup section */

/* Begin PBXNativeTarget section */
		2851B28220C02CCF00F41E8B /* WebSendPraat */ = {
			isa = PBXNativeTarget;
			buildConfigurationList = 2851B28A20C02CCF00F41E8B /* Build configuration list for PBXNativeTarget "WebSendPraat" */;
			buildPhases = (
				2851B27F20C02CCF00F41E8B /* Sources */,
				2851B28020C02CCF00F41E8B /* Frameworks */,
				2851B28120C02CCF00F41E8B /* CopyFiles */,
			);
			buildRules = (
			);
			dependencies = (
			);
			name = WebSendPraat;
			productName = WebSendPraat;
			productReference = 2851B28320C02CCF00F41E8B /* WebSendPraat */;
			productType = "com.apple.product-type.tool";
		};
/* End PBXNativeTarget section */

/* Begin PBXProject section */
		2851B27B20C02CCF00F41E8B /* Project object */ = {
			isa = PBXProject;
			attributes = {
				LastUpgradeCheck = 0940;
				ORGANIZATIONNAME = "New Zealand Institute of Language, Brain and Behaviour";
				TargetAttributes = {
					2851B28220C02CCF00F41E8B = {
						CreatedOnToolsVersion = 9.4;
					};
				};
			};
			buildConfigurationList = 2851B27E20C02CCF00F41E8B /* Build configuration list for PBXProject "WebSendPraat" */;
			compatibilityVersion = "Xcode 9.3";
			developmentRegion = en;
			hasScannedForEncodings = 0;
			knownRegions = (
				en,
			);
			mainGroup = 2851B27A20C02CCF00F41E8B;
			productRefGroup = 2851B28420C02CCF00F41E8B /* Products */;
			projectDirPath = "";
			projectRoot = "";
			targets = (
				2851B28220C02CCF00F41E8B /* WebSendPraat */,
			);
		};
/* End PBXProject section */

/* Begin PBXSourcesBuildPhase section */
		2851B27F20C02CCF00F41E8B /* Sources */ = {
			isa = PBXSourcesBuildPhase;
			buildActionMask = 2147483647;
			files = (
				2851B29120C02D7D00F41E8B /* web.c in Sources */,
				2851B29520C032BF00F41E8B /* json.c in Sources */,
				2851B28E20C02D2900F41E8B /* sendpraat.c in Sources */,
				2851B29B20C0384000F41E8B /* cJSON.c in Sources */,
				2851B28720C02CCF00F41E8B /* main.c in Sources */,
				2851B29A20C0384000F41E8B /* cJSON_Utils.c in Sources */,
				28C2972E20C18A0200E3A007 /* hashmap.c in Sources */,
			);
			runOnlyForDeploymentPostprocessing = 0;
		};
/* End PBXSourcesBuildPhase section */

/* Begin XCBuildConfiguration section */
		2851B28820C02CCF00F41E8B /* Debug */ = {
			isa = XCBuildConfiguration;
			buildSettings = {
				ALWAYS_SEARCH_USER_PATHS = NO;
				CLANG_ANALYZER_NONNULL = YES;
				CLANG_ANALYZER_NUMBER_OBJECT_CONVERSION = YES_AGGRESSIVE;
				CLANG_CXX_LANGUAGE_STANDARD = "gnu++14";
				CLANG_CXX_LIBRARY = "libc++";
				CLANG_ENABLE_MODULES = YES;
				CLANG_ENABLE_OBJC_ARC = YES;
				CLANG_ENABLE_OBJC_WEAK = YES;
				CLANG_WARN_BLOCK_CAPTURE_AUTORELEASING = YES;
				CLANG_WARN_BOOL_CONVERSION = YES;
				CLANG_WARN_COMMA = YES;
				CLANG_WARN_CONSTANT_CONVERSION = YES;
				CLANG_WARN_DEPRECATED_OBJC_IMPLEMENTATIONS = YES;
				CLANG_WARN_DIRECT_OBJC_ISA_USAGE = YES_ERROR;
				CLANG_WARN_DOCUMENTATION_COMMENTS = YES;
				CLANG_WARN_EMPTY_BODY = YES;
				CLANG_WARN_ENUM_CONVERSION = YES;
				CLANG_WARN_INFINITE_RECURSION = YES;
				CLANG_WARN_INT_CONVERSION = YES;
				CLANG_WARN_NON_LITERAL_NULL_CONVERSION = YES;
				CLANG_WARN_OBJC_IMPLICIT_RETAIN_SELF = YES;
				CLANG_WARN_OBJC_LITERAL_CONVERSION = YES;
				CLANG_WARN_OBJC_ROOT_CLASS = YES_ERROR;
				CLANG_WARN_RANGE_LOOP_ANALYSIS = YES;
				CLANG_WARN_STRICT_PROTOTYPES = YES;
				CLANG_WARN_SUSPICIOUS_MOVE = YES;
				CLANG_WARN_UNGUARDED_AVAILABILITY = YES_AGGRESSIVE;
				CLANG_WARN_UNREACHABLE_CODE = YES;
				CLANG_WARN__DUPLICATE_METHOD_MATCH = YES;
				CODE_SIGN_IDENTITY = "Mac Developer";
				COPY_PHASE_STRIP = NO;
				DEBUG_INFORMATION_FORMAT = dwarf;
				ENABLE_STRICT_OBJC_MSGSEND = YES;
				ENABLE_TESTABILITY = YES;
				GCC_C_LANGUAGE_STANDARD = gnu11;
				GCC_DYNAMIC_NO_PIC = NO;
				GCC_NO_COMMON_BLOCKS = YES;
				GCC_OPTIMIZATION_LEVEL = 0;
				GCC_PREPROCESSOR_DEFINITIONS = (
					"DEBUG=1",
					"$(inherited)",
				);
				GCC_WARN_64_TO_32_BIT_CONVERSION = YES;
				GCC_WARN_ABOUT_RETURN_TYPE = YES_ERROR;
				GCC_WARN_UNDECLARED_SELECTOR = YES;
				GCC_WARN_UNINITIALIZED_AUTOS = YES_AGGRESSIVE;
				GCC_WARN_UNUSED_FUNCTION = YES;
				GCC_WARN_UNUSED_VARIABLE = YES;
				MACOSX_DEPLOYMENT_TARGET = 10.13;
				MTL_ENABLE_DEBUG_INFO = YES;
				ONLY_ACTIVE_ARCH = YES;
				SDKROOT = macosx;
			};
			name = Debug;
		};
		2851B28920C02CCF00F41E8B /* Release */ = {
			isa = XCBuildConfiguration;
			buildSettings = {
				ALWAYS_SEARCH_USER_PATHS = NO;
				CLANG_ANALYZER_NONNULL = YES;
				CLANG_ANALYZER_NUMBER_OBJECT_CONVERSION = YES_AGGRESSIVE;
				CLANG_CXX_LANGUAGE_STANDARD = "gnu++14";
				CLANG_CXX_LIBRARY = "libc++";
				CLANG_ENABLE_MODULES = YES;
				CLANG_ENABLE_OBJC_ARC = YES;
				CLANG_ENABLE_OBJC_WEAK = YES;
				CLANG_WARN_BLOCK_CAPTURE_AUTORELEASING = YES;
				CLANG_WARN_BOOL_CONVERSION = YES;
				CLANG_WARN_COMMA = YES;
				CLANG_WARN_CONSTANT_CONVERSION = YES;
				CLANG_WARN_DEPRECATED_OBJC_IMPLEMENTATIONS = YES;
				CLANG_WARN_DIRECT_OBJC_ISA_USAGE = YES_ERROR;
				CLANG_WARN_DOCUMENTATION_COMMENTS = YES;
				CLANG_WARN_EMPTY_BODY = YES;
				CLANG_WARN_ENUM_CONVERSION = YES;
				CLANG_WARN_INFINITE_RECURSION = YES;
				CLANG_WARN_INT_CONVERSION = YES;
				CLANG_WARN_NON_LITERAL_NULL_CONVERSION = YES;
				CLANG_WARN_OBJC_IMPLICIT_RETAIN_SELF = YES;
				CLANG_WARN_OBJC_LITERAL_CONVERSION = YES;
				CLANG_WARN_OBJC_ROOT_CLASS = YES_ERROR;
				CLANG_WARN_RANGE_LOOP_ANALYSIS = YES;
				CLANG_WARN_STRICT_PROTOTYPES = YES;
				CLANG_WARN_SUSPICIOUS_MOVE = YES;
				CLANG_WARN_UNGUARDED_AVAILABILITY = YES_AGGRESSIVE;
				CLANG_WARN_UNREACHABLE_CODE = YES;
				CLANG_WARN__DUPLICATE_METHOD_MATCH = YES;
				CODE_SIGN_IDENTITY = "Mac Developer";
				COPY_PHASE_STRIP = NO;
				DEBUG_INFORMATION_FORMAT = "dwarf-with-dsym";
				ENABLE_NS_ASSERTIONS = NO;
				ENABLE_STRICT_OBJC_MSGSEND = YES;
				GCC_C_LANGUAGE_STANDARD = gnu11;
				GCC_NO_COMMON_BLOCKS = YES;
				GCC_WARN_64_TO_32_BIT_CONVERSION = YES;
				GCC_WARN_ABOUT_RETURN_TYPE = YES_ERROR;
				GCC_WARN_UNDECLARED_SELECTOR = YES;
				GCC_WARN_UNINITIALIZED_AUTOS = YES_AGGRESSIVE;
				GCC_WARN_UNUSED_FUNCTION = YES;
				GCC_WARN_UNUSED_VARIABLE = YES;
				MACOSX_DEPLOYMENT_TARGET = 10.13;
				MTL_ENABLE_DEBUG_INFO = NO;
				SDKROOT = macosx;
			};
			name = Release;
		};
		2851B28B20C02CCF00F41E8B /* Debug */ = {
			isa = XCBuildConfiguration;
			buildSettings = {
				CODE_SIGN_STYLE = Automatic;
				DEVELOPMENT_TEAM = RVU8675LNN;
				OTHER_LDFLAGS = "-lcurl";
				OTHER_LIBTOOLFLAGS = "";
				PRODUCT_NAME = "$(TARGET_NAME)";
			};
			name = Debug;
		};
		2851B28C20C02CCF00F41E8B /* Release */ = {
			isa = XCBuildConfiguration;
			buildSettings = {
				CODE_SIGN_STYLE = Automatic;
				DEVELOPMENT_TEAM = RVU8675LNN;
				OTHER_LDFLAGS = "-lcurl";
				OTHER_LIBTOOLFLAGS = "";
				PRODUCT_NAME = "$(TARGET_NAME)";
			};
			name = Release;
		};
/* End XCBuildConfiguration section */

/* Begin XCConfigurationList section */
		2851B27E20C02CCF00F41E8B /* Build configuration list for PBXProject "WebSendPraat" */ = {
			isa = XCConfigurationList;
			buildConfigurations = (
				2851B28820C02CCF00F41E8B /* Debug */,
				2851B28920C02CCF00F41E8B /* Release */,
			);
			defaultConfigurationIsVisible = 0;
			defaultConfigurationName = Release;
		};
		2851B28A20C02CCF00F41E8B /* Build configuration list for PBXNativeTarget "WebSendPraat" */ = {
			isa = XCConfigurationList;
			buildConfigurations = (
				2851B28B20C02CCF00F41E8B /* Debug */,
				2851B28C20C02CCF00F41E8B /* Release */,
			);
			defaultConfigurationIsVisible = 0;
			defaultConfigurationName = Release;
		};
/* End XCConfigurationList section */
	};
	rootObject = 2851B27B20C02CCF00F41E8B /* Project object */;
}
